
Microsoft Visual Studio Solution File, Format Version 12.00
Project("{FAE04EC0-301F-11D3-BF4B-00C04F79EFBC}") = "Carbon.Core", "Carbon.Core\Carbon.Core.csproj", "{057A8DB7-64D3-4EAF-8D3A-6BF6E77C5660}"
EndProject
Project("{FAE04EC0-301F-11D3-BF4B-00C04F79EFBC}") = "Carbon.Cli", "Carbon.Cli\Carbon.Cli.csproj", "{48905371-A9D4-42FD-A480-BAFD31B1C59E}"
EndProject
Global
	GlobalSection(SolutionConfigurationPlatforms) = preSolution
		Debug|Any CPU = Debug|Any CPU
		Release|Any CPU = Release|Any CPU
	EndGlobalSection
	GlobalSection(ProjectConfigurationPlatforms) = postSolution
		{057A8DB7-64D3-4EAF-8D3A-6BF6E77C5660}.Debug|Any CPU.ActiveCfg = Debug|Any CPU
		{057A8DB7-64D3-4EAF-8D3A-6BF6E77C5660}.Debug|Any CPU.Build.0 = Debug|Any CPU
		{057A8DB7-64D3-4EAF-8D3A-6BF6E77C5660}.Release|Any CPU.ActiveCfg = Release|Any CPU
		{057A8DB7-64D3-4EAF-8D3A-6BF6E77C5660}.Release|Any CPU.Build.0 = Release|Any CPU
		{48905371-A9D4-42FD-A480-BAFD31B1C59E}.Debug|Any CPU.ActiveCfg = Debug|Any CPU
		{48905371-A9D4-42FD-A480-BAFD31B1C59E}.Debug|Any CPU.Build.0 = Debug|Any CPU
		{48905371-A9D4-42FD-A480-BAFD31B1C59E}.Release|Any CPU.ActiveCfg = Release|Any CPU
		{48905371-A9D4-42FD-A480-BAFD31B1C59E}.Release|Any CPU.Build.0 = Release|Any CPU
	EndGlobalSection
EndGlobal
